<?xml version="1.0" encoding="utf-8"?>
<Project ToolsVersion="4.0" xmlns="http://schemas.microsoft.com/developer/msbuild/2003">
  <ItemGroup>
    <Filter Include="Source Files">
      <UniqueIdentifier>{E9C7FDCE-D52A-8D73-7EB0-C5296AF258F6}</UniqueIdentifier>
    </Filter>
    <Filter Include="Engine">
      <UniqueIdentifier>{25193707-58be-4279-9981-71220ef0e0bf}</UniqueIdentifier>
    </Filter>
    <Filter Include="Game">
      <UniqueIdentifier>{1bc2d5f2-a441-40d9-9e26-e02c67fcb2fe}</UniqueIdentifier>
    </Filter>
  </ItemGroup>
  <ItemGroup>
    <ClCompile Include="..\game\src\Main.cpp">
      <Filter>Source Files</Filter>
    </ClCompile>
    <ClCompile Include="..\game\engine\Window.cpp">
      <Filter>Engine</Filter>
    </ClCompile>
    <ClCompile Include="..\game\engine\Renderer.cpp">
      <Filter>Engine</Filter>
    </ClCompile>
    <ClCompile Include="..\game\engine\AssetsManager.cpp">
      <Filter>Engine</Filter>
    </ClCompile>
    <ClCompile Include="..\game\engine\Engine.cpp">
      <Filter>Engine</Filter>
    </ClCompile>
    <ClCompile Include="..\game\engine\GMath.cpp">
      <Filter>Engine</Filter>
    </ClCompile>
    <ClCompile Include="..\game\game\SceneGame.cpp">
      <Filter>Game</Filter>
    </ClCompile>
    <ClCompile Include="..\game\game\Game.cpp">
      <Filter>Game</Filter>
    </ClCompile>
    <ClCompile Include="..\game\game\ECSManager.cpp">
      <Filter>Game</Filter>
    </ClCompile>
  </ItemGroup>
  <ItemGroup>
    <ClInclude Include="..\game\engine\Defines.hpp">
      <Filter>Engine</Filter>
    </ClInclude>
    <ClInclude Include="..\game\engine\IGame.hpp">
      <Filter>Engine</Filter>
    </ClInclude>
    <ClInclude Include="..\game\engine\Window.hpp">
      <Filter>Engine</Filter>
    </ClInclude>
    <ClInclude Include="..\game\engine\Renderer.hpp">
      <Filter>Engine</Filter>
    </ClInclude>
    <ClInclude Include="..\game\engine\AssetsManager.hpp">
      <Filter>Engine</Filter>
    </ClInclude>
    <ClInclude Include="..\game\engine\Engine.hpp">
      <Filter>Engine</Filter>
    </ClInclude>
    <ClInclude Include="..\game\engine\GMath.hpp">
      <Filter>Engine</Filter>
    </ClInclude>
    <ClInclude Include="..\game\game\IScene.hpp">
      <Filter>Game</Filter>
    </ClInclude>
    <ClInclude Include="..\game\game\SceneGame.hpp">
      <Filter>Game</Filter>
    </ClInclude>
    <ClInclude Include="..\game\game\Game.hpp">
      <Filter>Game</Filter>
    </ClInclude>
    <ClInclude Include="..\game\game\ECSManager.hpp">
      <Filter>Game</Filter>
    </ClInclude>
    <ClInclude Include="..\game\game\Entity.hpp">
      <Filter>Game</Filter>
    </ClInclude>
    <ClInclude Include="..\game\game\Components.hpp">
      <Filter>Game</Filter>
    </ClInclude>
    <ClInclude Include="..\game\engine\Maths.h">
      <Filter>Engine</Filter>
    </ClInclude>
  </ItemGroup>
</Project>